// !$*UTF8*$!
{
	archiveVersion = 1;
	classes = {
	};
	objectVersion = 46;
	objects = {

/* Begin PBXBuildFile section */
		EA6610431AF8048F0006F910 /* TypesaverView.h in Headers */ = {isa = PBXBuildFile; fileRef = EA6610421AF8048F0006F910 /* TypesaverView.h */; };
		EA6610451AF8048F0006F910 /* TypesaverView.m in Sources */ = {isa = PBXBuildFile; fileRef = EA6610441AF8048F0006F910 /* TypesaverView.m */; };
/* End PBXBuildFile section */

/* Begin PBXFileReference section */
		EA66103D1AF8048F0006F910 /* Typesaver.saver */ = {isa = PBXFileReference; explicitFileType = wrapper.cfbundle; includeInIndex = 0; path = Typesaver.saver; sourceTree = BUILT_PRODUCTS_DIR; };
		EA6610411AF8048F0006F910 /* Info.plist */ = {isa = PBXFileReference; lastKnownFileType = text.plist.xml; path = Info.plist; sourceTree = "<group>"; };
		EA6610421AF8048F0006F910 /* TypesaverView.h */ = {isa = PBXFileReference; lastKnownFileType = sourcecode.c.h; path = TypesaverView.h; sourceTree = "<group>"; };
		EA6610441AF8048F0006F910 /* TypesaverView.m */ = {isa = PBXFileReference; lastKnownFileType = sourcecode.c.objc; path = TypesaverView.m; sourceTree = "<group>"; };
/* End PBXFileReference section */

/* Begin PBXFrameworksBuildPhase section */
		EA6610391AF8048F0006F910 /* Frameworks */ = {
			isa = PBXFrameworksBuildPhase;
			buildActionMask = 2147483647;
			files = (
			);
			runOnlyForDeploymentPostprocessing = 0;
		};
/* End PBXFrameworksBuildPhase section */

/* Begin PBXGroup section */
		EA6610331AF8048F0006F910 = {
			isa = PBXGroup;
			children = (
				EA66103F1AF8048F0006F910 /* Typesaver */,
				EA66103E1AF8048F0006F910 /* Products */,
			);
			sourceTree = "<group>";
		};
		EA66103E1AF8048F0006F910 /* Products */ = {
			isa = PBXGroup;
			children = (
				EA66103D1AF8048F0006F910 /* Typesaver.saver */,
			);
			name = Products;
			sourceTree = "<group>";
		};
		EA66103F1AF8048F0006F910 /* Typesaver */ = {
			isa = PBXGroup;
			children = (
				EA6610421AF8048F0006F910 /* TypesaverView.h */,
				EA6610441AF8048F0006F910 /* TypesaverView.m */,
				EA6610401AF8048F0006F910 /* Supporting Files */,
			);
			path = Typesaver;
			sourceTree = "<group>";
		};
		EA6610401AF8048F0006F910 /* Supporting Files */ = {
			isa = PBXGroup;
			children = (
				EA6610411AF8048F0006F910 /* Info.plist */,
			);
			name = "Supporting Files";
			sourceTree = "<group>";
		};
/* End PBXGroup section */

/* Begin PBXHeadersBuildPhase section */
		EA66103A1AF8048F0006F910 /* Headers */ = {
			isa = PBXHeadersBuildPhase;
			buildActionMask = 2147483647;
			files = (
				EA6610431AF8048F0006F910 /* TypesaverView.h in Headers */,
			);
			runOnlyForDeploymentPostprocessing = 0;
		};
/* End PBXHeadersBuildPhase section */

/* Begin PBXNativeTarget section */
		EA66103C1AF8048F0006F910 /* Typesaver */ = {
			isa = PBXNativeTarget;
			buildConfigurationList = EA6610481AF8048F0006F910 /* Build configuration list for PBXNativeTarget "Typesaver" */;
			buildPhases = (
				EA6610381AF8048F0006F910 /* Sources */,
				EA6610391AF8048F0006F910 /* Frameworks */,
				EA66103A1AF8048F0006F910 /* Headers */,
				EA66103B1AF8048F0006F910 /* Resources */,
			);
			buildRules = (
			);
			dependencies = (
			);
			name = Typesaver;
			productName = Typesaver;
			productReference = EA66103D1AF8048F0006F910 /* Typesaver.saver */;
			productType = "com.apple.product-type.bundle";
		};
/* End PBXNativeTarget section */

/* Begin PBXProject section */
		EA6610341AF8048F0006F910 /* Project object */ = {
			isa = PBXProject;
			attributes = {
				LastUpgradeCheck = 0630;
				ORGANIZATIONNAME = Typesaver;
				TargetAttributes = {
					EA66103C1AF8048F0006F910 = {
						CreatedOnToolsVersion = 6.3.1;
					};
				};
			};
			buildConfigurationList = EA6610371AF8048F0006F910 /* Build configuration list for PBXProject "Typesaver" */;
			compatibilityVersion = "Xcode 3.2";
			developmentRegion = English;
			hasScannedForEncodings = 0;
			knownRegions = (
				en,
			);
			mainGroup = EA6610331AF8048F0006F910;
			productRefGroup = EA66103E1AF8048F0006F910 /* Products */;
			projectDirPath = "";
			projectRoot = "";
			targets = (
				EA66103C1AF8048F0006F910 /* Typesaver */,
			);
		};
/* End PBXProject section */

/* Begin PBXResourcesBuildPhase section */
		EA66103B1AF8048F0006F910 /* Resources */ = {
			isa = PBXResourcesBuildPhase;
			buildActionMask = 2147483647;
			files = (
			);
			runOnlyForDeploymentPostprocessing = 0;
		};
/* End PBXResourcesBuildPhase section */

/* Begin PBXSourcesBuildPhase section */
		EA6610381AF8048F0006F910 /* Sources */ = {
			isa = PBXSourcesBuildPhase;
			buildActionMask = 2147483647;
			files = (
				EA6610451AF8048F0006F910 /* TypesaverView.m in Sources */,
			);
			runOnlyForDeploymentPostprocessing = 0;
		};
/* End PBXSourcesBuildPhase section */

/* Begin XCBuildConfiguration section */
		EA6610461AF8048F0006F910 /* Debug */ = {
			isa = XCBuildConfiguration;
			buildSettings = {
				ALWAYS_SEARCH_USER_PATHS = NO;
				CLANG_CXX_LANGUAGE_STANDARD = "gnu++0x";
				CLANG_CXX_LIBRARY = "libc++";
				CLANG_ENABLE_MODULES = YES;
				CLANG_ENABLE_OBJC_ARC = YES;
				CLANG_WARN_BOOL_CONVERSION = YES;
				CLANG_WARN_CONSTANT_CONVERSION = YES;
				CLANG_WARN_DIRECT_OBJC_ISA_USAGE = YES_ERROR;
				CLANG_WARN_EMPTY_BODY = YES;
				CLANG_WARN_ENUM_CONVERSION = YES;
				CLANG_WARN_INT_CONVERSION = YES;
				CLANG_WARN_OBJC_ROOT_CLASS = YES_ERROR;
				CLANG_WARN_UNREACHABLE_CODE = YES;
				CLANG_WARN__DUPLICATE_METHOD_MATCH = YES;
				COPY_PHASE_STRIP = NO;
				DEBUG_INFORMATION_FORMAT = dwarf;
				ENABLE_STRICT_OBJC_MSGSEND = YES;
				GCC_C_LANGUAGE_STANDARD = gnu99;
				GCC_DYNAMIC_NO_PIC = NO;
				GCC_NO_COMMON_BLOCKS = YES;
				GCC_OPTIMIZATION_LEVEL = 0;
				GCC_PREPROCESSOR_DEFINITIONS = (
					"DEBUG=1",
					"$(inherited)",
				);
				GCC_SYMBOLS_PRIVATE_EXTERN = NO;
				GCC_WARN_64_TO_32_BIT_CONVERSION = YES;
				GCC_WARN_ABOUT_RETURN_TYPE = YES_ERROR;
				GCC_WARN_UNDECLARED_SELECTOR = YES;
				GCC_WARN_UNINITIALIZED_AUTOS = YES_AGGRESSIVE;
				GCC_WARN_UNUSED_FUNCTION = YES;
				GCC_WARN_UNUSED_VARIABLE = YES;
				MACOSX_DEPLOYMENT_TARGET = 10.10;
				MTL_ENABLE_DEBUG_INFO = YES;
				ONLY_ACTIVE_ARCH = YES;
				SDKROOT = macosx;
			};
			name = Debug;
		};
		EA6610471AF8048F0006F910 /* Release */ = {
			isa = XCBuildConfiguration;
			buildSettings = {
				ALWAYS_SEARCH_USER_PATHS = NO;
				CLANG_CXX_LANGUAGE_STANDARD = "gnu++0x";
				CLANG_CXX_LIBRARY = "libc++";
				CLANG_ENABLE_MODULES = YES;
				CLANG_ENABLE_OBJC_ARC = YES;
				CLANG_WARN_BOOL_CONVERSION = YES;
				CLANG_WARN_CONSTANT_CONVERSION = YES;
				CLANG_WARN_DIRECT_OBJC_ISA_USAGE = YES_ERROR;
				CLANG_WARN_EMPTY_BODY = YES;
				CLANG_WARN_ENUM_CONVERSION = YES;
				CLANG_WARN_INT_CONVERSION = YES;
				CLANG_WARN_OBJC_ROOT_CLASS = YES_ERROR;
				CLANG_WARN_UNREACHABLE_CODE = YES;
				CLANG_WARN__DUPLICATE_METHOD_MATCH = YES;
				COPY_PHASE_STRIP = NO;
				DEBUG_INFORMATION_FORMAT = "dwarf-with-dsym";
				ENABLE_NS_ASSERTIONS = NO;
				ENABLE_STRICT_OBJC_MSGSEND = YES;
				GCC_C_LANGUAGE_STANDARD = gnu99;
				GCC_NO_COMMON_BLOCKS = YES;
				GCC_WARN_64_TO_32_BIT_CONVERSION = YES;
				GCC_WARN_ABOUT_RETURN_TYPE = YES_ERROR;
				GCC_WARN_UNDECLARED_SELECTOR = YES;
				GCC_WARN_UNINITIALIZED_AUTOS = YES_AGGRESSIVE;
				GCC_WARN_UNUSED_FUNCTION = YES;
				GCC_WARN_UNUSED_VARIABLE = YES;
				MACOSX_DEPLOYMENT_TARGET = 10.10;
				MTL_ENABLE_DEBUG_INFO = NO;
				SDKROOT = macosx;
			};
			name = Release;
		};
		EA6610491AF8048F0006F910 /* Debug */ = {
			isa = XCBuildConfiguration;
			buildSettings = {
				COMBINE_HIDPI_IMAGES = YES;
				INFOPLIST_FILE = Typesaver/Info.plist;
				INSTALL_PATH = "$(HOME)/Library/Screen Savers";
				PRODUCT_NAME = "$(TARGET_NAME)";
				WRAPPER_EXTENSION = saver;
			};
			name = Debug;
		};
		EA66104A1AF8048F0006F910 /* Release */ = {
			isa = XCBuildConfiguration;
			buildSettings = {
				COMBINE_HIDPI_IMAGES = YES;
				INFOPLIST_FILE = Typesaver/Info.plist;
				INSTALL_PATH = "$(HOME)/Library/Screen Savers";
				PRODUCT_NAME = "$(TARGET_NAME)";
				WRAPPER_EXTENSION = saver;
			};
			name = Release;
		};
/* End XCBuildConfiguration section */

/* Begin XCConfigurationList section */
		EA6610371AF8048F0006F910 /* Build configuration list for PBXProject "Typesaver" */ = {
			isa = XCConfigurationList;
			buildConfigurations = (
				EA6610461AF8048F0006F910 /* Debug */,
				EA6610471AF8048F0006F910 /* Release */,
			);
			defaultConfigurationIsVisible = 0;
			defaultConfigurationName = Release;
		};
		EA6610481AF8048F0006F910 /* Build configuration list for PBXNativeTarget "Typesaver" */ = {
			isa = XCConfigurationList;
			buildConfigurations = (
				EA6610491AF8048F0006F910 /* Debug */,
				EA66104A1AF8048F0006F910 /* Release */,
			);
			defaultConfigurationIsVisible = 0;
		};
/* End XCConfigurationList section */
	};
	rootObject = EA6610341AF8048F0006F910 /* Project object */;
}
