// !$*UTF8*$!
{
	archiveVersion = 1;
	classes = {
	};
	objectVersion = 46;
	objects = {

/* Begin PBXBuildFile section */
		EA66104C1AF8055A0006F910 /* TypesaverView.swift in Sources */ = {isa = PBXBuildFile; fileRef = EA66104B1AF8055A0006F910 /* TypesaverView.swift */; };
		EA6610561AF8096F0006F910 /* AppDelegate.swift in Sources */ = {isa = PBXBuildFile; fileRef = EA6610551AF8096F0006F910 /* AppDelegate.swift */; };
		EA6610581AF8096F0006F910 /* ViewController.swift in Sources */ = {isa = PBXBuildFile; fileRef = EA6610571AF8096F0006F910 /* ViewController.swift */; };
		EA66105A1AF8096F0006F910 /* Images.xcassets in Resources */ = {isa = PBXBuildFile; fileRef = EA6610591AF8096F0006F910 /* Images.xcassets */; };
		EA66105D1AF8096F0006F910 /* Main.storyboard in Resources */ = {isa = PBXBuildFile; fileRef = EA66105B1AF8096F0006F910 /* Main.storyboard */; };
		EA6610701AF809B50006F910 /* TypesaverView.swift in Sources */ = {isa = PBXBuildFile; fileRef = EA66104B1AF8055A0006F910 /* TypesaverView.swift */; };
		EAF2EE621AF8C9660092D309 /* thumbnail.png in Resources */ = {isa = PBXBuildFile; fileRef = EAF2EE601AF8C9660092D309 /* thumbnail.png */; };
		EAF2EE631AF8C9660092D309 /* thumbnail@2x.png in Resources */ = {isa = PBXBuildFile; fileRef = EAF2EE611AF8C9660092D309 /* thumbnail@2x.png */; };
/* End PBXBuildFile section */

/* Begin PBXFileReference section */
		EA66103D1AF8048F0006F910 /* Type.saver */ = {isa = PBXFileReference; explicitFileType = wrapper.cfbundle; includeInIndex = 0; path = Type.saver; sourceTree = BUILT_PRODUCTS_DIR; };
		EA6610411AF8048F0006F910 /* Info.plist */ = {isa = PBXFileReference; lastKnownFileType = text.plist.xml; path = Info.plist; sourceTree = "<group>"; };
		EA66104B1AF8055A0006F910 /* TypesaverView.swift */ = {isa = PBXFileReference; fileEncoding = 4; lastKnownFileType = sourcecode.swift; path = TypesaverView.swift; sourceTree = "<group>"; };
		EA6610511AF8096E0006F910 /* TypesaverTester.app */ = {isa = PBXFileReference; explicitFileType = wrapper.application; includeInIndex = 0; path = TypesaverTester.app; sourceTree = BUILT_PRODUCTS_DIR; };
		EA6610541AF8096F0006F910 /* Info.plist */ = {isa = PBXFileReference; lastKnownFileType = text.plist.xml; path = Info.plist; sourceTree = "<group>"; };
		EA6610551AF8096F0006F910 /* AppDelegate.swift */ = {isa = PBXFileReference; lastKnownFileType = sourcecode.swift; path = AppDelegate.swift; sourceTree = "<group>"; };
		EA6610571AF8096F0006F910 /* ViewController.swift */ = {isa = PBXFileReference; lastKnownFileType = sourcecode.swift; path = ViewController.swift; sourceTree = "<group>"; };
		EA6610591AF8096F0006F910 /* Images.xcassets */ = {isa = PBXFileReference; lastKnownFileType = folder.assetcatalog; path = Images.xcassets; sourceTree = "<group>"; };
		EA66105C1AF8096F0006F910 /* Base */ = {isa = PBXFileReference; lastKnownFileType = file.storyboard; name = Base; path = Base.lproj/Main.storyboard; sourceTree = "<group>"; };
		EAF2EE601AF8C9660092D309 /* thumbnail.png */ = {isa = PBXFileReference; lastKnownFileType = image.png; path = thumbnail.png; sourceTree = "<group>"; };
		EAF2EE611AF8C9660092D309 /* thumbnail@2x.png */ = {isa = PBXFileReference; lastKnownFileType = image.png; path = "thumbnail@2x.png"; sourceTree = "<group>"; };
/* End PBXFileReference section */

/* Begin PBXFrameworksBuildPhase section */
		EA6610391AF8048F0006F910 /* Frameworks */ = {
			isa = PBXFrameworksBuildPhase;
			buildActionMask = 2147483647;
			files = (
			);
			runOnlyForDeploymentPostprocessing = 0;
		};
		EA66104E1AF8096E0006F910 /* Frameworks */ = {
			isa = PBXFrameworksBuildPhase;
			buildActionMask = 2147483647;
			files = (
			);
			runOnlyForDeploymentPostprocessing = 0;
		};
/* End PBXFrameworksBuildPhase section */

/* Begin PBXGroup section */
		EA6610331AF8048F0006F910 = {
			isa = PBXGroup;
			children = (
				EA66103F1AF8048F0006F910 /* Typesaver */,
				EA6610521AF8096F0006F910 /* TypesaverTester */,
				EA66103E1AF8048F0006F910 /* Products */,
			);
			sourceTree = "<group>";
		};
		EA66103E1AF8048F0006F910 /* Products */ = {
			isa = PBXGroup;
			children = (
				EA66103D1AF8048F0006F910 /* Type.saver */,
				EA6610511AF8096E0006F910 /* TypesaverTester.app */,
			);
			name = Products;
			sourceTree = "<group>";
		};
		EA66103F1AF8048F0006F910 /* Typesaver */ = {
			isa = PBXGroup;
			children = (
				EA66104B1AF8055A0006F910 /* TypesaverView.swift */,
				EAF2EE601AF8C9660092D309 /* thumbnail.png */,
				EAF2EE611AF8C9660092D309 /* thumbnail@2x.png */,
				EA6610401AF8048F0006F910 /* Supporting Files */,
			);
			path = Typesaver;
			sourceTree = "<group>";
		};
		EA6610401AF8048F0006F910 /* Supporting Files */ = {
			isa = PBXGroup;
			children = (
				EA6610411AF8048F0006F910 /* Info.plist */,
			);
			name = "Supporting Files";
			sourceTree = "<group>";
		};
		EA6610521AF8096F0006F910 /* TypesaverTester */ = {
			isa = PBXGroup;
			children = (
				EA6610551AF8096F0006F910 /* AppDelegate.swift */,
				EA6610571AF8096F0006F910 /* ViewController.swift */,
				EA6610591AF8096F0006F910 /* Images.xcassets */,
				EA66105B1AF8096F0006F910 /* Main.storyboard */,
				EA6610531AF8096F0006F910 /* Supporting Files */,
			);
			path = TypesaverTester;
			sourceTree = "<group>";
		};
		EA6610531AF8096F0006F910 /* Supporting Files */ = {
			isa = PBXGroup;
			children = (
				EA6610541AF8096F0006F910 /* Info.plist */,
			);
			name = "Supporting Files";
			sourceTree = "<group>";
		};
/* End PBXGroup section */

/* Begin PBXHeadersBuildPhase section */
		EA66103A1AF8048F0006F910 /* Headers */ = {
			isa = PBXHeadersBuildPhase;
			buildActionMask = 2147483647;
			files = (
			);
			runOnlyForDeploymentPostprocessing = 0;
		};
/* End PBXHeadersBuildPhase section */

/* Begin PBXNativeTarget section */
		EA66103C1AF8048F0006F910 /* Type */ = {
			isa = PBXNativeTarget;
			buildConfigurationList = EA6610481AF8048F0006F910 /* Build configuration list for PBXNativeTarget "Type" */;
			buildPhases = (
				EA6610381AF8048F0006F910 /* Sources */,
				EA6610391AF8048F0006F910 /* Frameworks */,
				EA66103A1AF8048F0006F910 /* Headers */,
				EA66103B1AF8048F0006F910 /* Resources */,
			);
			buildRules = (
			);
			dependencies = (
			);
			name = Type;
			productName = Typesaver;
			productReference = EA66103D1AF8048F0006F910 /* Type.saver */;
			productType = "com.apple.product-type.bundle";
		};
		EA6610501AF8096E0006F910 /* TypesaverTester */ = {
			isa = PBXNativeTarget;
			buildConfigurationList = EA66106A1AF8096F0006F910 /* Build configuration list for PBXNativeTarget "TypesaverTester" */;
			buildPhases = (
				EA66104D1AF8096E0006F910 /* Sources */,
				EA66104E1AF8096E0006F910 /* Frameworks */,
				EA66104F1AF8096E0006F910 /* Resources */,
			);
			buildRules = (
			);
			dependencies = (
			);
			name = TypesaverTester;
			productName = TypesaverTester;
			productReference = EA6610511AF8096E0006F910 /* TypesaverTester.app */;
			productType = "com.apple.product-type.application";
		};
/* End PBXNativeTarget section */

/* Begin PBXProject section */
		EA6610341AF8048F0006F910 /* Project object */ = {
			isa = PBXProject;
			attributes = {
				LastUpgradeCheck = 0630;
				ORGANIZATIONNAME = Typesaver;
				TargetAttributes = {
					EA66103C1AF8048F0006F910 = {
						CreatedOnToolsVersion = 6.3.1;
					};
					EA6610501AF8096E0006F910 = {
						CreatedOnToolsVersion = 6.3.1;
					};
				};
			};
			buildConfigurationList = EA6610371AF8048F0006F910 /* Build configuration list for PBXProject "Typesaver" */;
			compatibilityVersion = "Xcode 3.2";
			developmentRegion = English;
			hasScannedForEncodings = 0;
			knownRegions = (
				en,
				Base,
			);
			mainGroup = EA6610331AF8048F0006F910;
			productRefGroup = EA66103E1AF8048F0006F910 /* Products */;
			projectDirPath = "";
			projectRoot = "";
			targets = (
				EA66103C1AF8048F0006F910 /* Type */,
				EA6610501AF8096E0006F910 /* TypesaverTester */,
			);
		};
/* End PBXProject section */

/* Begin PBXResourcesBuildPhase section */
		EA66103B1AF8048F0006F910 /* Resources */ = {
			isa = PBXResourcesBuildPhase;
			buildActionMask = 2147483647;
			files = (
				EAF2EE621AF8C9660092D309 /* thumbnail.png in Resources */,
				EAF2EE631AF8C9660092D309 /* thumbnail@2x.png in Resources */,
			);
			runOnlyForDeploymentPostprocessing = 0;
		};
		EA66104F1AF8096E0006F910 /* Resources */ = {
			isa = PBXResourcesBuildPhase;
			buildActionMask = 2147483647;
			files = (
				EA66105A1AF8096F0006F910 /* Images.xcassets in Resources */,
				EA66105D1AF8096F0006F910 /* Main.storyboard in Resources */,
			);
			runOnlyForDeploymentPostprocessing = 0;
		};
/* End PBXResourcesBuildPhase section */

/* Begin PBXSourcesBuildPhase section */
		EA6610381AF8048F0006F910 /* Sources */ = {
			isa = PBXSourcesBuildPhase;
			buildActionMask = 2147483647;
			files = (
				EA66104C1AF8055A0006F910 /* TypesaverView.swift in Sources */,
			);
			runOnlyForDeploymentPostprocessing = 0;
		};
		EA66104D1AF8096E0006F910 /* Sources */ = {
			isa = PBXSourcesBuildPhase;
			buildActionMask = 2147483647;
			files = (
				EA6610581AF8096F0006F910 /* ViewController.swift in Sources */,
				EA6610561AF8096F0006F910 /* AppDelegate.swift in Sources */,
				EA6610701AF809B50006F910 /* TypesaverView.swift in Sources */,
			);
			runOnlyForDeploymentPostprocessing = 0;
		};
/* End PBXSourcesBuildPhase section */

/* Begin PBXVariantGroup section */
		EA66105B1AF8096F0006F910 /* Main.storyboard */ = {
			isa = PBXVariantGroup;
			children = (
				EA66105C1AF8096F0006F910 /* Base */,
			);
			name = Main.storyboard;
			sourceTree = "<group>";
		};
/* End PBXVariantGroup section */

/* Begin XCBuildConfiguration section */
		EA6610461AF8048F0006F910 /* Debug */ = {
			isa = XCBuildConfiguration;
			buildSettings = {
				ALWAYS_SEARCH_USER_PATHS = NO;
				CLANG_CXX_LANGUAGE_STANDARD = "gnu++0x";
				CLANG_CXX_LIBRARY = "libc++";
				CLANG_ENABLE_MODULES = YES;
				CLANG_ENABLE_OBJC_ARC = YES;
				CLANG_WARN_BOOL_CONVERSION = YES;
				CLANG_WARN_CONSTANT_CONVERSION = YES;
				CLANG_WARN_DIRECT_OBJC_ISA_USAGE = YES_ERROR;
				CLANG_WARN_EMPTY_BODY = YES;
				CLANG_WARN_ENUM_CONVERSION = YES;
				CLANG_WARN_INT_CONVERSION = YES;
				CLANG_WARN_OBJC_ROOT_CLASS = YES_ERROR;
				CLANG_WARN_UNREACHABLE_CODE = YES;
				CLANG_WARN__DUPLICATE_METHOD_MATCH = YES;
				COPY_PHASE_STRIP = NO;
				DEBUG_INFORMATION_FORMAT = dwarf;
				ENABLE_STRICT_OBJC_MSGSEND = YES;
				GCC_C_LANGUAGE_STANDARD = gnu99;
				GCC_DYNAMIC_NO_PIC = NO;
				GCC_NO_COMMON_BLOCKS = YES;
				GCC_OPTIMIZATION_LEVEL = 0;
				GCC_PREPROCESSOR_DEFINITIONS = (
					"DEBUG=1",
					"$(inherited)",
				);
				GCC_SYMBOLS_PRIVATE_EXTERN = NO;
				GCC_WARN_64_TO_32_BIT_CONVERSION = YES;
				GCC_WARN_ABOUT_RETURN_TYPE = YES_ERROR;
				GCC_WARN_UNDECLARED_SELECTOR = YES;
				GCC_WARN_UNINITIALIZED_AUTOS = YES_AGGRESSIVE;
				GCC_WARN_UNUSED_FUNCTION = YES;
				GCC_WARN_UNUSED_VARIABLE = YES;
				MACOSX_DEPLOYMENT_TARGET = 10.10;
				MTL_ENABLE_DEBUG_INFO = YES;
				ONLY_ACTIVE_ARCH = YES;
				SDKROOT = macosx;
			};
			name = Debug;
		};
		EA6610471AF8048F0006F910 /* Release */ = {
			isa = XCBuildConfiguration;
			buildSettings = {
				ALWAYS_SEARCH_USER_PATHS = NO;
				CLANG_CXX_LANGUAGE_STANDARD = "gnu++0x";
				CLANG_CXX_LIBRARY = "libc++";
				CLANG_ENABLE_MODULES = YES;
				CLANG_ENABLE_OBJC_ARC = YES;
				CLANG_WARN_BOOL_CONVERSION = YES;
				CLANG_WARN_CONSTANT_CONVERSION = YES;
				CLANG_WARN_DIRECT_OBJC_ISA_USAGE = YES_ERROR;
				CLANG_WARN_EMPTY_BODY = YES;
				CLANG_WARN_ENUM_CONVERSION = YES;
				CLANG_WARN_INT_CONVERSION = YES;
				CLANG_WARN_OBJC_ROOT_CLASS = YES_ERROR;
				CLANG_WARN_UNREACHABLE_CODE = YES;
				CLANG_WARN__DUPLICATE_METHOD_MATCH = YES;
				COPY_PHASE_STRIP = NO;
				DEBUG_INFORMATION_FORMAT = "dwarf-with-dsym";
				ENABLE_NS_ASSERTIONS = NO;
				ENABLE_STRICT_OBJC_MSGSEND = YES;
				GCC_C_LANGUAGE_STANDARD = gnu99;
				GCC_NO_COMMON_BLOCKS = YES;
				GCC_WARN_64_TO_32_BIT_CONVERSION = YES;
				GCC_WARN_ABOUT_RETURN_TYPE = YES_ERROR;
				GCC_WARN_UNDECLARED_SELECTOR = YES;
				GCC_WARN_UNINITIALIZED_AUTOS = YES_AGGRESSIVE;
				GCC_WARN_UNUSED_FUNCTION = YES;
				GCC_WARN_UNUSED_VARIABLE = YES;
				MACOSX_DEPLOYMENT_TARGET = 10.10;
				MTL_ENABLE_DEBUG_INFO = NO;
				SDKROOT = macosx;
			};
			name = Release;
		};
		EA6610491AF8048F0006F910 /* Debug */ = {
			isa = XCBuildConfiguration;
			buildSettings = {
				CLANG_ENABLE_MODULES = YES;
				COMBINE_HIDPI_IMAGES = YES;
				EMBEDDED_CONTENT_CONTAINS_SWIFT = YES;
				INFOPLIST_FILE = Typesaver/Info.plist;
				INSTALL_PATH = "$(HOME)/Library/Screen Savers";
				LD_RUNPATH_SEARCH_PATHS = "$(inherited) @executable_path/../Frameworks @loader_path/../Frameworks";
				PRODUCT_NAME = "$(TARGET_NAME)";
				SWIFT_OPTIMIZATION_LEVEL = "-Onone";
				WRAPPER_EXTENSION = saver;
			};
			name = Debug;
		};
		EA66104A1AF8048F0006F910 /* Release */ = {
			isa = XCBuildConfiguration;
			buildSettings = {
				CLANG_ENABLE_MODULES = YES;
				COMBINE_HIDPI_IMAGES = YES;
				EMBEDDED_CONTENT_CONTAINS_SWIFT = YES;
				INFOPLIST_FILE = Typesaver/Info.plist;
				INSTALL_PATH = "$(HOME)/Library/Screen Savers";
				LD_RUNPATH_SEARCH_PATHS = "$(inherited) @executable_path/../Frameworks @loader_path/../Frameworks";
				PRODUCT_NAME = "$(TARGET_NAME)";
				WRAPPER_EXTENSION = saver;
			};
			name = Release;
		};
		EA66106B1AF8096F0006F910 /* Debug */ = {
			isa = XCBuildConfiguration;
			buildSettings = {
				ASSETCATALOG_COMPILER_APPICON_NAME = AppIcon;
				CODE_SIGN_IDENTITY = "-";
				COMBINE_HIDPI_IMAGES = YES;
				GCC_PREPROCESSOR_DEFINITIONS = (
					"DEBUG=1",
					"$(inherited)",
				);
				INFOPLIST_FILE = TypesaverTester/Info.plist;
				LD_RUNPATH_SEARCH_PATHS = "$(inherited) @executable_path/../Frameworks";
				PRODUCT_NAME = "$(TARGET_NAME)";
				SWIFT_OPTIMIZATION_LEVEL = "-Onone";
			};
			name = Debug;
		};
		EA66106C1AF8096F0006F910 /* Release */ = {
			isa = XCBuildConfiguration;
			buildSettings = {
				ASSETCATALOG_COMPILER_APPICON_NAME = AppIcon;
				CODE_SIGN_IDENTITY = "-";
				COMBINE_HIDPI_IMAGES = YES;
				INFOPLIST_FILE = TypesaverTester/Info.plist;
				LD_RUNPATH_SEARCH_PATHS = "$(inherited) @executable_path/../Frameworks";
				PRODUCT_NAME = "$(TARGET_NAME)";
			};
			name = Release;
		};
/* End XCBuildConfiguration section */

/* Begin XCConfigurationList section */
		EA6610371AF8048F0006F910 /* Build configuration list for PBXProject "Typesaver" */ = {
			isa = XCConfigurationList;
			buildConfigurations = (
				EA6610461AF8048F0006F910 /* Debug */,
				EA6610471AF8048F0006F910 /* Release */,
			);
			defaultConfigurationIsVisible = 0;
			defaultConfigurationName = Release;
		};
		EA6610481AF8048F0006F910 /* Build configuration list for PBXNativeTarget "Type" */ = {
			isa = XCConfigurationList;
			buildConfigurations = (
				EA6610491AF8048F0006F910 /* Debug */,
				EA66104A1AF8048F0006F910 /* Release */,
			);
			defaultConfigurationIsVisible = 0;
			defaultConfigurationName = Release;
		};
		EA66106A1AF8096F0006F910 /* Build configuration list for PBXNativeTarget "TypesaverTester" */ = {
			isa = XCConfigurationList;
			buildConfigurations = (
				EA66106B1AF8096F0006F910 /* Debug */,
				EA66106C1AF8096F0006F910 /* Release */,
			);
			defaultConfigurationIsVisible = 0;
			defaultConfigurationName = Release;
		};
/* End XCConfigurationList section */
	};
	rootObject = EA6610341AF8048F0006F910 /* Project object */;
}
